
Microsoft Visual Studio Solution File, Format Version 12.00
# Visual Studio Version 17
VisualStudioVersion = 17.14.36401.2 d17.14
MinimumVisualStudioVersion = 10.0.40219.1
Project("{FAE04EC0-301F-11D3-BF4B-00C04F79EFBC}") = "LinqExample", "LinqExample\LinqExample.csproj", "{DB33EDC6-66D1-45DC-AC25-58C2281D45A0}"
EndProject
Global
	GlobalSection(SolutionConfigurationPlatforms) = preSolution
		Debug|Any CPU = Debug|Any CPU
		Release|Any CPU = Release|Any CPU
	EndGlobalSection
	GlobalSection(ProjectConfigurationPlatforms) = postSolution
		{DB33EDC6-66D1-45DC-AC25-58C2281D45A0}.Debug|Any CPU.ActiveCfg = Debug|Any CPU
		{DB33EDC6-66D1-45DC-AC25-58C2281D45A0}.Debug|Any CPU.Build.0 = Debug|Any CPU
		{DB33EDC6-66D1-45DC-AC25-58C2281D45A0}.Release|Any CPU.ActiveCfg = Release|Any CPU
		{DB33EDC6-66D1-45DC-AC25-58C2281D45A0}.Release|Any CPU.Build.0 = Release|Any CPU
	EndGlobalSection
	GlobalSection(SolutionProperties) = preSolution
		HideSolutionNode = FALSE
	EndGlobalSection
	GlobalSection(ExtensibilityGlobals) = postSolution
		SolutionGuid = {D2208E5C-9EA0-43A0-9CBF-8E44C638C30A}
	EndGlobalSection
EndGlobal
