
Microsoft Visual Studio Solution File, Format Version 12.00
# Visual Studio Version 17
VisualStudioVersion = 17.14.36310.24 d17.14
MinimumVisualStudioVersion = 10.0.40219.1
Project("{FAE04EC0-301F-11D3-BF4B-00C04F79EFBC}") = "TryCathcApp", "TryCathcApp\TryCathcApp.csproj", "{E02B9F24-EA80-4400-8714-4BCAEE36096A}"
EndProject
Global
	GlobalSection(SolutionConfigurationPlatforms) = preSolution
		Debug|Any CPU = Debug|Any CPU
		Release|Any CPU = Release|Any CPU
	EndGlobalSection
	GlobalSection(ProjectConfigurationPlatforms) = postSolution
		{E02B9F24-EA80-4400-8714-4BCAEE36096A}.Debug|Any CPU.ActiveCfg = Debug|Any CPU
		{E02B9F24-EA80-4400-8714-4BCAEE36096A}.Debug|Any CPU.Build.0 = Debug|Any CPU
		{E02B9F24-EA80-4400-8714-4BCAEE36096A}.Release|Any CPU.ActiveCfg = Release|Any CPU
		{E02B9F24-EA80-4400-8714-4BCAEE36096A}.Release|Any CPU.Build.0 = Release|Any CPU
	EndGlobalSection
	GlobalSection(SolutionProperties) = preSolution
		HideSolutionNode = FALSE
	EndGlobalSection
	GlobalSection(ExtensibilityGlobals) = postSolution
		SolutionGuid = {175223C1-BD64-4923-859E-02A65F043135}
	EndGlobalSection
EndGlobal
