
Microsoft Visual Studio Solution File, Format Version 12.00
# Visual Studio Version 17
VisualStudioVersion = 17.14.36408.4
MinimumVisualStudioVersion = 10.0.40219.1
Project("{FAE04EC0-301F-11D3-BF4B-00C04F79EFBC}") = "FlightTest", "FlightTest\FlightTest.csproj", "{03C55D34-C839-40AA-8C51-44EC754CF65B}"
EndProject
Project("{FAE04EC0-301F-11D3-BF4B-00C04F79EFBC}") = "Domain.Tests", "Domain.Tests\Domain.Tests.csproj", "{01A1F3B3-4E83-4ECD-AC94-36AE77051BBC}"
EndProject
Project("{FAE04EC0-301F-11D3-BF4B-00C04F79EFBC}") = "Domain", "Domain\Domain.csproj", "{6EB9937F-EBA0-4EAF-AF24-7188223E4858}"
EndProject
Project("{FAE04EC0-301F-11D3-BF4B-00C04F79EFBC}") = "Application.Test", "Application.Test\Application.Test.csproj", "{59E6FD4E-65CA-401D-9494-972DDAD74B6A}"
EndProject
Project("{FAE04EC0-301F-11D3-BF4B-00C04F79EFBC}") = "Application", "Application\Application.csproj", "{4BA332C7-5F62-4012-BA16-08DE672E156D}"
EndProject
Project("{FAE04EC0-301F-11D3-BF4B-00C04F79EFBC}") = "Data", "Data\Data.csproj", "{12CD970B-F0E7-4EC5-A74D-EFEE7B99B1C9}"
EndProject
Global
	GlobalSection(SolutionConfigurationPlatforms) = preSolution
		Debug|Any CPU = Debug|Any CPU
		Release|Any CPU = Release|Any CPU
	EndGlobalSection
	GlobalSection(ProjectConfigurationPlatforms) = postSolution
		{03C55D34-C839-40AA-8C51-44EC754CF65B}.Debug|Any CPU.ActiveCfg = Debug|Any CPU
		{03C55D34-C839-40AA-8C51-44EC754CF65B}.Debug|Any CPU.Build.0 = Debug|Any CPU
		{03C55D34-C839-40AA-8C51-44EC754CF65B}.Release|Any CPU.ActiveCfg = Release|Any CPU
		{03C55D34-C839-40AA-8C51-44EC754CF65B}.Release|Any CPU.Build.0 = Release|Any CPU
		{01A1F3B3-4E83-4ECD-AC94-36AE77051BBC}.Debug|Any CPU.ActiveCfg = Debug|Any CPU
		{01A1F3B3-4E83-4ECD-AC94-36AE77051BBC}.Debug|Any CPU.Build.0 = Debug|Any CPU
		{01A1F3B3-4E83-4ECD-AC94-36AE77051BBC}.Release|Any CPU.ActiveCfg = Release|Any CPU
		{01A1F3B3-4E83-4ECD-AC94-36AE77051BBC}.Release|Any CPU.Build.0 = Release|Any CPU
		{6EB9937F-EBA0-4EAF-AF24-7188223E4858}.Debug|Any CPU.ActiveCfg = Debug|Any CPU
		{6EB9937F-EBA0-4EAF-AF24-7188223E4858}.Debug|Any CPU.Build.0 = Debug|Any CPU
		{6EB9937F-EBA0-4EAF-AF24-7188223E4858}.Release|Any CPU.ActiveCfg = Release|Any CPU
		{6EB9937F-EBA0-4EAF-AF24-7188223E4858}.Release|Any CPU.Build.0 = Release|Any CPU
		{59E6FD4E-65CA-401D-9494-972DDAD74B6A}.Debug|Any CPU.ActiveCfg = Debug|Any CPU
		{59E6FD4E-65CA-401D-9494-972DDAD74B6A}.Debug|Any CPU.Build.0 = Debug|Any CPU
		{59E6FD4E-65CA-401D-9494-972DDAD74B6A}.Release|Any CPU.ActiveCfg = Release|Any CPU
		{59E6FD4E-65CA-401D-9494-972DDAD74B6A}.Release|Any CPU.Build.0 = Release|Any CPU
		{4BA332C7-5F62-4012-BA16-08DE672E156D}.Debug|Any CPU.ActiveCfg = Debug|Any CPU
		{4BA332C7-5F62-4012-BA16-08DE672E156D}.Debug|Any CPU.Build.0 = Debug|Any CPU
		{4BA332C7-5F62-4012-BA16-08DE672E156D}.Release|Any CPU.ActiveCfg = Release|Any CPU
		{4BA332C7-5F62-4012-BA16-08DE672E156D}.Release|Any CPU.Build.0 = Release|Any CPU
		{12CD970B-F0E7-4EC5-A74D-EFEE7B99B1C9}.Debug|Any CPU.ActiveCfg = Debug|Any CPU
		{12CD970B-F0E7-4EC5-A74D-EFEE7B99B1C9}.Debug|Any CPU.Build.0 = Debug|Any CPU
		{12CD970B-F0E7-4EC5-A74D-EFEE7B99B1C9}.Release|Any CPU.ActiveCfg = Release|Any CPU
		{12CD970B-F0E7-4EC5-A74D-EFEE7B99B1C9}.Release|Any CPU.Build.0 = Release|Any CPU
	EndGlobalSection
	GlobalSection(SolutionProperties) = preSolution
		HideSolutionNode = FALSE
	EndGlobalSection
	GlobalSection(ExtensibilityGlobals) = postSolution
		SolutionGuid = {21253AAD-A84C-40B3-9594-F194D8E69F0F}
	EndGlobalSection
EndGlobal
