
Microsoft Visual Studio Solution File, Format Version 12.00
# Visual Studio Version 17
VisualStudioVersion = 17.14.36310.24 d17.14
MinimumVisualStudioVersion = 10.0.40219.1
Project("{FAE04EC0-301F-11D3-BF4B-00C04F79EFBC}") = "InheritanceApp", "InheritanceApp\InheritanceApp.csproj", "{6410B93E-FC62-4A44-BB2F-2F558CAF343B}"
EndProject
Global
	GlobalSection(SolutionConfigurationPlatforms) = preSolution
		Debug|Any CPU = Debug|Any CPU
		Release|Any CPU = Release|Any CPU
	EndGlobalSection
	GlobalSection(ProjectConfigurationPlatforms) = postSolution
		{6410B93E-FC62-4A44-BB2F-2F558CAF343B}.Debug|Any CPU.ActiveCfg = Debug|Any CPU
		{6410B93E-FC62-4A44-BB2F-2F558CAF343B}.Debug|Any CPU.Build.0 = Debug|Any CPU
		{6410B93E-FC62-4A44-BB2F-2F558CAF343B}.Release|Any CPU.ActiveCfg = Release|Any CPU
		{6410B93E-FC62-4A44-BB2F-2F558CAF343B}.Release|Any CPU.Build.0 = Release|Any CPU
	EndGlobalSection
	GlobalSection(SolutionProperties) = preSolution
		HideSolutionNode = FALSE
	EndGlobalSection
	GlobalSection(ExtensibilityGlobals) = postSolution
		SolutionGuid = {568E5D85-360A-4E5D-966D-44BEC76C3D1E}
	EndGlobalSection
EndGlobal
